{
    "version": 3,
    "terraform_version": "0.9.11",
    "serial": 6,
    "lineage": "48df2066-09e8-4a97-b31f-50465ffa6b8c",
    "modules": [
        {
            "path": [
                "root"
            ],
            "outputs": {
                "app_servers": {
                    "sensitive": false,
                    "type": "list",
                    "value": [
                        "54.152.215.147",
                        "34.228.165.213",
                        "54.84.119.154"
                    ]
                },
                "proxy": {
                    "sensitive": false,
                    "type": "list",
                    "value": [
                        "34.229.164.184"
                    ]
                }
            },
            "resources": {
                "aws_instance.app.0": {
                    "type": "aws_instance",
                    "depends_on": [
                        "module.network"
                    ],
                    "primary": {
                        "id": "i-076679b33f71368cd",
                        "attributes": {
                            "ami": "ami-8e9db9f5",
                            "associate_public_ip_address": "true",
                            "availability_zone": "us-east-1c",
                            "disable_api_termination": "false",
                            "ebs_block_device.#": "0",
                            "ebs_optimized": "false",
                            "ephemeral_block_device.#": "0",
                            "iam_instance_profile": "",
                            "id": "i-076679b33f71368cd",
                            "instance_state": "running",
                            "instance_type": "t2.micro",
                            "ipv6_addresses.#": "0",
                            "key_name": "id_rsa_personal",
                            "monitoring": "false",
                            "network_interface.#": "0",
                            "network_interface_id": "eni-269b75f3",
                            "primary_network_interface_id": "eni-269b75f3",
                            "private_dns": "ip-172-31-27-183.ec2.internal",
                            "private_ip": "172.31.27.183",
                            "public_dns": "ec2-54-152-215-147.compute-1.amazonaws.com",
                            "public_ip": "54.152.215.147",
                            "root_block_device.#": "1",
                            "root_block_device.0.delete_on_termination": "true",
                            "root_block_device.0.iops": "100",
                            "root_block_device.0.volume_size": "8",
                            "root_block_device.0.volume_type": "gp2",
                            "security_groups.#": "1",
                            "security_groups.4207583475": "vault_token_demo",
                            "source_dest_check": "true",
                            "subnet_id": "subnet-9f237bd7",
                            "tags.%": "2",
                            "tags.ConsulRole": "Server",
                            "tags.Name": "app_servers-0",
                            "tenancy": "default",
                            "volume_tags.%": "0",
                            "vpc_security_group_ids.#": "0"
                        },
                        "meta": {
                            "e2bfb730-ecaa-11e6-8f88-34363bc7c4c0": {
                                "create": 600000000000,
                                "delete": 600000000000,
                                "update": 600000000000
                            },
                            "schema_version": "1"
                        },
                        "tainted": false
                    },
                    "deposed": [],
                    "provider": ""
                },
                "aws_instance.app.1": {
                    "type": "aws_instance",
                    "depends_on": [
                        "aws_instance.app.0",
                        "module.network"
                    ],
                    "primary": {
                        "id": "i-049992df83f6e9daf",
                        "attributes": {
                            "ami": "ami-8e9db9f5",
                            "associate_public_ip_address": "true",
                            "availability_zone": "us-east-1c",
                            "disable_api_termination": "false",
                            "ebs_block_device.#": "0",
                            "ebs_optimized": "false",
                            "ephemeral_block_device.#": "0",
                            "iam_instance_profile": "",
                            "id": "i-049992df83f6e9daf",
                            "instance_state": "running",
                            "instance_type": "t2.micro",
                            "ipv6_addresses.#": "0",
                            "key_name": "id_rsa_personal",
                            "monitoring": "false",
                            "network_interface.#": "0",
                            "network_interface_id": "eni-aee00e7b",
                            "primary_network_interface_id": "eni-aee00e7b",
                            "private_dns": "ip-172-31-28-19.ec2.internal",
                            "private_ip": "172.31.28.19",
                            "public_dns": "ec2-34-228-165-213.compute-1.amazonaws.com",
                            "public_ip": "34.228.165.213",
                            "root_block_device.#": "1",
                            "root_block_device.0.delete_on_termination": "true",
                            "root_block_device.0.iops": "100",
                            "root_block_device.0.volume_size": "8",
                            "root_block_device.0.volume_type": "gp2",
                            "security_groups.#": "1",
                            "security_groups.4207583475": "vault_token_demo",
                            "source_dest_check": "true",
                            "subnet_id": "subnet-9f237bd7",
                            "tags.%": "2",
                            "tags.ConsulRole": "Server",
                            "tags.Name": "app_servers-1",
                            "tenancy": "default",
                            "volume_tags.%": "0",
                            "vpc_security_group_ids.#": "0"
                        },
                        "meta": {
                            "e2bfb730-ecaa-11e6-8f88-34363bc7c4c0": {
                                "create": 600000000000,
                                "delete": 600000000000,
                                "update": 600000000000
                            },
                            "schema_version": "1"
                        },
                        "tainted": false
                    },
                    "deposed": [],
                    "provider": ""
                },
                "aws_instance.app.2": {
                    "type": "aws_instance",
                    "depends_on": [
                        "aws_instance.app.0",
                        "module.network"
                    ],
                    "primary": {
                        "id": "i-0ddf2a08ba8986d45",
                        "attributes": {
                            "ami": "ami-8e9db9f5",
                            "associate_public_ip_address": "true",
                            "availability_zone": "us-east-1c",
                            "disable_api_termination": "false",
                            "ebs_block_device.#": "0",
                            "ebs_optimized": "false",
                            "ephemeral_block_device.#": "0",
                            "iam_instance_profile": "",
                            "id": "i-0ddf2a08ba8986d45",
                            "instance_state": "running",
                            "instance_type": "t2.micro",
                            "ipv6_addresses.#": "0",
                            "key_name": "id_rsa_personal",
                            "monitoring": "false",
                            "network_interface.#": "0",
                            "network_interface_id": "eni-35e50be0",
                            "primary_network_interface_id": "eni-35e50be0",
                            "private_dns": "ip-172-31-18-192.ec2.internal",
                            "private_ip": "172.31.18.192",
                            "public_dns": "ec2-54-84-119-154.compute-1.amazonaws.com",
                            "public_ip": "54.84.119.154",
                            "root_block_device.#": "1",
                            "root_block_device.0.delete_on_termination": "true",
                            "root_block_device.0.iops": "100",
                            "root_block_device.0.volume_size": "8",
                            "root_block_device.0.volume_type": "gp2",
                            "security_groups.#": "1",
                            "security_groups.4207583475": "vault_token_demo",
                            "source_dest_check": "true",
                            "subnet_id": "subnet-9f237bd7",
                            "tags.%": "2",
                            "tags.ConsulRole": "Server",
                            "tags.Name": "app_servers-2",
                            "tenancy": "default",
                            "volume_tags.%": "0",
                            "vpc_security_group_ids.#": "0"
                        },
                        "meta": {
                            "e2bfb730-ecaa-11e6-8f88-34363bc7c4c0": {
                                "create": 600000000000,
                                "delete": 600000000000,
                                "update": 600000000000
                            },
                            "schema_version": "1"
                        },
                        "tainted": false
                    },
                    "deposed": [],
                    "provider": ""
                },
                "aws_instance.proxy": {
                    "type": "aws_instance",
                    "depends_on": [
                        "aws_instance.app",
                        "module.network",
                        "null_resource.configure-vault"
                    ],
                    "primary": {
                        "id": "i-0ab4f969865161e84",
                        "attributes": {
                            "ami": "ami-18e4c263",
                            "associate_public_ip_address": "true",
                            "availability_zone": "us-east-1c",
                            "disable_api_termination": "false",
                            "ebs_block_device.#": "0",
                            "ebs_optimized": "false",
                            "ephemeral_block_device.#": "0",
                            "iam_instance_profile": "",
                            "id": "i-0ab4f969865161e84",
                            "instance_state": "running",
                            "instance_type": "t2.micro",
                            "ipv6_addresses.#": "0",
                            "key_name": "id_rsa_personal",
                            "monitoring": "false",
                            "network_interface.#": "0",
                            "network_interface_id": "eni-f8f9172d",
                            "primary_network_interface_id": "eni-f8f9172d",
                            "private_dns": "ip-172-31-16-81.ec2.internal",
                            "private_ip": "172.31.16.81",
                            "public_dns": "ec2-34-229-164-184.compute-1.amazonaws.com",
                            "public_ip": "34.229.164.184",
                            "root_block_device.#": "1",
                            "root_block_device.0.delete_on_termination": "true",
                            "root_block_device.0.iops": "100",
                            "root_block_device.0.volume_size": "8",
                            "root_block_device.0.volume_type": "gp2",
                            "security_groups.#": "1",
                            "security_groups.4207583475": "vault_token_demo",
                            "source_dest_check": "true",
                            "subnet_id": "subnet-9f237bd7",
                            "tags.%": "1",
                            "tags.Name": "Demo Load Balancer",
                            "tenancy": "default",
                            "volume_tags.%": "0",
                            "vpc_security_group_ids.#": "0"
                        },
                        "meta": {
                            "e2bfb730-ecaa-11e6-8f88-34363bc7c4c0": {
                                "create": 600000000000,
                                "delete": 600000000000,
                                "update": 600000000000
                            },
                            "schema_version": "1"
                        },
                        "tainted": false
                    },
                    "deposed": [],
                    "provider": ""
                },
                "null_resource.configure-vault.0": {
                    "type": "null_resource",
                    "depends_on": [
                        "aws_instance.app",
                        "aws_instance.app.*"
                    ],
                    "primary": {
                        "id": "981345533470527506",
                        "attributes": {
                            "id": "981345533470527506"
                        },
                        "meta": {},
                        "tainted": false
                    },
                    "deposed": [],
                    "provider": ""
                },
                "null_resource.configure-vault.1": {
                    "type": "null_resource",
                    "depends_on": [
                        "aws_instance.app",
                        "aws_instance.app.*"
                    ],
                    "primary": {
                        "id": "2176545842985462411",
                        "attributes": {
                            "id": "2176545842985462411"
                        },
                        "meta": {},
                        "tainted": false
                    },
                    "deposed": [],
                    "provider": ""
                },
                "null_resource.configure-vault.2": {
                    "type": "null_resource",
                    "depends_on": [
                        "aws_instance.app",
                        "aws_instance.app.*"
                    ],
                    "primary": {
                        "id": "3383307597077975591",
                        "attributes": {
                            "id": "3383307597077975591"
                        },
                        "meta": {},
                        "tainted": false
                    },
                    "deposed": [],
                    "provider": ""
                }
            },
            "depends_on": []
        },
        {
            "path": [
                "root",
                "network"
            ],
            "outputs": {
                "vault_token_demo": {
                    "sensitive": false,
                    "type": "string",
                    "value": "vault_token_demo"
                }
            },
            "resources": {
                "aws_security_group.vault_token_demo": {
                    "type": "aws_security_group",
                    "depends_on": [],
                    "primary": {
                        "id": "sg-e99b7c99",
                        "attributes": {
                            "description": "Consul internal traffic + maintenance.",
                            "egress.#": "1",
                            "egress.482069346.cidr_blocks.#": "1",
                            "egress.482069346.cidr_blocks.0": "0.0.0.0/0",
                            "egress.482069346.from_port": "0",
                            "egress.482069346.ipv6_cidr_blocks.#": "0",
                            "egress.482069346.prefix_list_ids.#": "0",
                            "egress.482069346.protocol": "-1",
                            "egress.482069346.security_groups.#": "0",
                            "egress.482069346.self": "false",
                            "egress.482069346.to_port": "0",
                            "id": "sg-e99b7c99",
                            "ingress.#": "4",
                            "ingress.2214680975.cidr_blocks.#": "1",
                            "ingress.2214680975.cidr_blocks.0": "0.0.0.0/0",
                            "ingress.2214680975.from_port": "80",
                            "ingress.2214680975.ipv6_cidr_blocks.#": "0",
                            "ingress.2214680975.protocol": "tcp",
                            "ingress.2214680975.security_groups.#": "0",
                            "ingress.2214680975.self": "false",
                            "ingress.2214680975.to_port": "80",
                            "ingress.2541437006.cidr_blocks.#": "1",
                            "ingress.2541437006.cidr_blocks.0": "0.0.0.0/0",
                            "ingress.2541437006.from_port": "22",
                            "ingress.2541437006.ipv6_cidr_blocks.#": "0",
                            "ingress.2541437006.protocol": "tcp",
                            "ingress.2541437006.security_groups.#": "0",
                            "ingress.2541437006.self": "false",
                            "ingress.2541437006.to_port": "22",
                            "ingress.3472572478.cidr_blocks.#": "0",
                            "ingress.3472572478.from_port": "0",
                            "ingress.3472572478.ipv6_cidr_blocks.#": "0",
                            "ingress.3472572478.protocol": "udp",
                            "ingress.3472572478.security_groups.#": "0",
                            "ingress.3472572478.self": "true",
                            "ingress.3472572478.to_port": "65535",
                            "ingress.3544538468.cidr_blocks.#": "0",
                            "ingress.3544538468.from_port": "0",
                            "ingress.3544538468.ipv6_cidr_blocks.#": "0",
                            "ingress.3544538468.protocol": "tcp",
                            "ingress.3544538468.security_groups.#": "0",
                            "ingress.3544538468.self": "true",
                            "ingress.3544538468.to_port": "65535",
                            "name": "vault_token_demo",
                            "owner_id": "826361068168",
                            "tags.%": "0",
                            "vpc_id": "vpc-89c9a2f0"
                        },
                        "meta": {},
                        "tainted": false
                    },
                    "deposed": [],
                    "provider": ""
                }
            },
            "depends_on": []
        }
    ]
}
