{
    "version": 3,
    "terraform_version": "0.9.2",
    "serial": 5,
    "lineage": "9c012523-fe78-4680-b3e9-6d8562c7b6b6",
    "modules": [
        {
            "path": [
                "root"
            ],
            "outputs": {},
            "resources": {
                "aws_instance.load_balancer": {
                    "type": "aws_instance",
                    "depends_on": [
                        "aws_instance.web_node"
                    ],
                    "primary": {
                        "id": "i-034228faabe59f3bc",
                        "attributes": {
                            "ami": "ami-3dd7ca2b",
                            "associate_public_ip_address": "true",
                            "availability_zone": "us-east-1d",
                            "disable_api_termination": "false",
                            "ebs_block_device.#": "0",
                            "ebs_optimized": "false",
                            "ephemeral_block_device.#": "0",
                            "iam_instance_profile": "",
                            "id": "i-034228faabe59f3bc",
                            "instance_state": "running",
                            "instance_type": "t2.micro",
                            "ipv6_address_count": "0",
                            "ipv6_addresses.#": "0",
                            "key_name": "",
                            "monitoring": "false",
                            "network_interface_id": "eni-bfbd166d",
                            "private_dns": "ip-172-31-15-226.ec2.internal",
                            "private_ip": "172.31.15.226",
                            "public_dns": "ec2-54-161-30-146.compute-1.amazonaws.com",
                            "public_ip": "54.161.30.146",
                            "root_block_device.#": "1",
                            "root_block_device.0.delete_on_termination": "true",
                            "root_block_device.0.iops": "100",
                            "root_block_device.0.volume_size": "8",
                            "root_block_device.0.volume_type": "gp2",
                            "security_groups.#": "0",
                            "source_dest_check": "true",
                            "subnet_id": "subnet-a5dea5d2",
                            "tags.%": "0",
                            "tenancy": "default",
                            "vpc_security_group_ids.#": "1",
                            "vpc_security_group_ids.186650802": "sg-98b0eafc"
                        },
                        "meta": {
                            "schema_version": "1"
                        },
                        "tainted": false
                    },
                    "deposed": [],
                    "provider": ""
                },
                "aws_instance.web_node": {
                    "type": "aws_instance",
                    "depends_on": [],
                    "primary": {
                        "id": "i-0a51ea3799bbf2552",
                        "attributes": {
                            "ami": "ami-3dd7ca2b",
                            "associate_public_ip_address": "true",
                            "availability_zone": "us-east-1d",
                            "disable_api_termination": "false",
                            "ebs_block_device.#": "0",
                            "ebs_optimized": "false",
                            "ephemeral_block_device.#": "0",
                            "iam_instance_profile": "",
                            "id": "i-0a51ea3799bbf2552",
                            "instance_state": "running",
                            "instance_type": "t2.micro",
                            "ipv6_address_count": "0",
                            "ipv6_addresses.#": "0",
                            "key_name": "",
                            "monitoring": "false",
                            "network_interface_id": "eni-f7be1525",
                            "private_dns": "ip-172-31-9-247.ec2.internal",
                            "private_ip": "172.31.9.247",
                            "public_dns": "ec2-34-227-103-236.compute-1.amazonaws.com",
                            "public_ip": "34.227.103.236",
                            "root_block_device.#": "1",
                            "root_block_device.0.delete_on_termination": "true",
                            "root_block_device.0.iops": "100",
                            "root_block_device.0.volume_size": "8",
                            "root_block_device.0.volume_type": "gp2",
                            "security_groups.#": "0",
                            "source_dest_check": "true",
                            "subnet_id": "subnet-a5dea5d2",
                            "tags.%": "0",
                            "tenancy": "default",
                            "vpc_security_group_ids.#": "1",
                            "vpc_security_group_ids.186650802": "sg-98b0eafc"
                        },
                        "meta": {
                            "schema_version": "1"
                        },
                        "tainted": false
                    },
                    "deposed": [],
                    "provider": ""
                }
            },
            "depends_on": []
        },
        {
            "path": [
                "root",
                "consul"
            ],
            "outputs": {
                "server_address": {
                    "sensitive": false,
                    "type": "string",
                    "value": "ec2-54-225-30-101.compute-1.amazonaws.com"
                }
            },
            "resources": {},
            "depends_on": []
        }
    ]
}
