{
    "version": 3,
    "terraform_version": "0.9.2",
    "serial": 12,
    "lineage": "5d7b654a-a3bd-4b57-b131-b05a37352dcb",
    "modules": [
        {
            "path": [
                "root"
            ],
            "outputs": {
                "ip": {
                    "sensitive": false,
                    "type": "string",
                    "value": "52.7.164.231"
                }
            },
            "resources": {
                "aws_eip.ip": {
                    "type": "aws_eip",
                    "depends_on": [
                        "aws_instance.example",
                        "aws_instance.example"
                    ],
                    "primary": {
                        "id": "eipalloc-75e02f46",
                        "attributes": {
                            "association_id": "eipassoc-dba240ee",
                            "domain": "vpc",
                            "id": "eipalloc-75e02f46",
                            "instance": "i-07906674d957d353b",
                            "network_interface": "eni-78238faa",
                            "private_ip": "172.31.11.65",
                            "public_ip": "52.7.164.231",
                            "vpc": "true"
                        },
                        "meta": {},
                        "tainted": false
                    },
                    "deposed": [],
                    "provider": ""
                },
                "aws_instance.another": {
                    "type": "aws_instance",
                    "depends_on": [],
                    "primary": {
                        "id": "i-0b3f183644f118dcf",
                        "attributes": {
                            "ami": "ami-b374d5a5",
                            "associate_public_ip_address": "true",
                            "availability_zone": "us-east-1d",
                            "disable_api_termination": "false",
                            "ebs_block_device.#": "0",
                            "ebs_optimized": "false",
                            "ephemeral_block_device.#": "0",
                            "iam_instance_profile": "",
                            "id": "i-0b3f183644f118dcf",
                            "instance_state": "running",
                            "instance_type": "t2.micro",
                            "ipv6_address_count": "0",
                            "ipv6_addresses.#": "0",
                            "key_name": "fpollock_sa",
                            "monitoring": "false",
                            "network_interface_id": "eni-95238f47",
                            "private_dns": "ip-172-31-9-162.ec2.internal",
                            "private_ip": "172.31.9.162",
                            "public_dns": "ec2-34-228-82-20.compute-1.amazonaws.com",
                            "public_ip": "34.228.82.20",
                            "root_block_device.#": "1",
                            "root_block_device.0.delete_on_termination": "true",
                            "root_block_device.0.iops": "100",
                            "root_block_device.0.volume_size": "8",
                            "root_block_device.0.volume_type": "gp2",
                            "security_groups.#": "0",
                            "source_dest_check": "true",
                            "subnet_id": "subnet-a5dea5d2",
                            "tags.%": "0",
                            "tenancy": "default",
                            "vpc_security_group_ids.#": "1",
                            "vpc_security_group_ids.186650802": "sg-98b0eafc"
                        },
                        "meta": {
                            "schema_version": "1"
                        },
                        "tainted": false
                    },
                    "deposed": [],
                    "provider": ""
                },
                "aws_instance.example": {
                    "type": "aws_instance",
                    "depends_on": [],
                    "primary": {
                        "id": "i-07906674d957d353b",
                        "attributes": {
                            "ami": "ami-b374d5a5",
                            "associate_public_ip_address": "true",
                            "availability_zone": "us-east-1d",
                            "disable_api_termination": "false",
                            "ebs_block_device.#": "0",
                            "ebs_optimized": "false",
                            "ephemeral_block_device.#": "0",
                            "iam_instance_profile": "",
                            "id": "i-07906674d957d353b",
                            "instance_state": "running",
                            "instance_type": "t2.micro",
                            "ipv6_address_count": "0",
                            "ipv6_addresses.#": "0",
                            "key_name": "fpollock_sa",
                            "monitoring": "false",
                            "network_interface_id": "eni-78238faa",
                            "private_dns": "ip-172-31-11-65.ec2.internal",
                            "private_ip": "172.31.11.65",
                            "public_dns": "ec2-54-208-108-17.compute-1.amazonaws.com",
                            "public_ip": "54.208.108.17",
                            "root_block_device.#": "1",
                            "root_block_device.0.delete_on_termination": "true",
                            "root_block_device.0.iops": "100",
                            "root_block_device.0.volume_size": "8",
                            "root_block_device.0.volume_type": "gp2",
                            "security_groups.#": "0",
                            "source_dest_check": "true",
                            "subnet_id": "subnet-a5dea5d2",
                            "tags.%": "0",
                            "tenancy": "default",
                            "vpc_security_group_ids.#": "1",
                            "vpc_security_group_ids.186650802": "sg-98b0eafc"
                        },
                        "meta": {
                            "schema_version": "1"
                        },
                        "tainted": false
                    },
                    "deposed": [],
                    "provider": ""
                }
            },
            "depends_on": []
        }
    ]
}
