{
    "version": 3,
    "terraform_version": "0.9.11",
    "serial": 7,
    "lineage": "02ac08fb-24a2-41fd-902a-c091cfb0a4b1",
    "modules": [
        {
            "path": [
                "root"
            ],
            "outputs": {
                "server_address": {
                    "sensitive": false,
                    "type": "string",
                    "value": "ec2-54-91-11-88.compute-1.amazonaws.com"
                }
            },
            "resources": {
                "aws_instance.server.0": {
                    "type": "aws_instance",
                    "depends_on": [
                        "module.network"
                    ],
                    "primary": {
                        "id": "i-08bf1c89bee67e7ca",
                        "attributes": {
                            "ami": "ami-fcfea787",
                            "associate_public_ip_address": "true",
                            "availability_zone": "us-east-1c",
                            "disable_api_termination": "false",
                            "ebs_block_device.#": "0",
                            "ebs_optimized": "false",
                            "ephemeral_block_device.#": "0",
                            "iam_instance_profile": "",
                            "id": "i-08bf1c89bee67e7ca",
                            "instance_state": "running",
                            "instance_type": "t2.micro",
                            "ipv6_addresses.#": "0",
                            "key_name": "id_rsa_personal",
                            "monitoring": "false",
                            "network_interface.#": "0",
                            "network_interface_id": "eni-861b4554",
                            "primary_network_interface_id": "eni-861b4554",
                            "private_dns": "ip-172-31-29-220.ec2.internal",
                            "private_ip": "172.31.29.220",
                            "public_dns": "ec2-54-91-11-88.compute-1.amazonaws.com",
                            "public_ip": "54.91.11.88",
                            "root_block_device.#": "1",
                            "root_block_device.0.delete_on_termination": "true",
                            "root_block_device.0.iops": "100",
                            "root_block_device.0.volume_size": "8",
                            "root_block_device.0.volume_type": "gp2",
                            "security_groups.#": "1",
                            "security_groups.4207583475": "vault_token_demo",
                            "source_dest_check": "true",
                            "subnet_id": "subnet-9f237bd7",
                            "tags.%": "2",
                            "tags.ConsulRole": "Server",
                            "tags.Name": "consul-0",
                            "tenancy": "default",
                            "volume_tags.%": "0",
                            "vpc_security_group_ids.#": "0"
                        },
                        "meta": {
                            "e2bfb730-ecaa-11e6-8f88-34363bc7c4c0": {
                                "create": 600000000000,
                                "delete": 600000000000,
                                "update": 600000000000
                            },
                            "schema_version": "1"
                        },
                        "tainted": false
                    },
                    "deposed": [],
                    "provider": ""
                },
                "aws_instance.server.1": {
                    "type": "aws_instance",
                    "depends_on": [
                        "aws_instance.server.0",
                        "module.network"
                    ],
                    "primary": {
                        "id": "i-0482d1b3ec07ea4af",
                        "attributes": {
                            "ami": "ami-fcfea787",
                            "associate_public_ip_address": "true",
                            "availability_zone": "us-east-1c",
                            "disable_api_termination": "false",
                            "ebs_block_device.#": "0",
                            "ebs_optimized": "false",
                            "ephemeral_block_device.#": "0",
                            "iam_instance_profile": "",
                            "id": "i-0482d1b3ec07ea4af",
                            "instance_state": "running",
                            "instance_type": "t2.micro",
                            "ipv6_addresses.#": "0",
                            "key_name": "id_rsa_personal",
                            "monitoring": "false",
                            "network_interface.#": "0",
                            "network_interface_id": "eni-a2144a70",
                            "primary_network_interface_id": "eni-a2144a70",
                            "private_dns": "ip-172-31-19-126.ec2.internal",
                            "private_ip": "172.31.19.126",
                            "public_dns": "ec2-34-228-14-250.compute-1.amazonaws.com",
                            "public_ip": "34.228.14.250",
                            "root_block_device.#": "1",
                            "root_block_device.0.delete_on_termination": "true",
                            "root_block_device.0.iops": "100",
                            "root_block_device.0.volume_size": "8",
                            "root_block_device.0.volume_type": "gp2",
                            "security_groups.#": "1",
                            "security_groups.4207583475": "vault_token_demo",
                            "source_dest_check": "true",
                            "subnet_id": "subnet-9f237bd7",
                            "tags.%": "2",
                            "tags.ConsulRole": "Server",
                            "tags.Name": "consul-1",
                            "tenancy": "default",
                            "volume_tags.%": "0",
                            "vpc_security_group_ids.#": "0"
                        },
                        "meta": {
                            "e2bfb730-ecaa-11e6-8f88-34363bc7c4c0": {
                                "create": 600000000000,
                                "delete": 600000000000,
                                "update": 600000000000
                            },
                            "schema_version": "1"
                        },
                        "tainted": false
                    },
                    "deposed": [],
                    "provider": ""
                },
                "aws_instance.server.2": {
                    "type": "aws_instance",
                    "depends_on": [
                        "aws_instance.server.0",
                        "module.network"
                    ],
                    "primary": {
                        "id": "i-0143e40eda70c1ef0",
                        "attributes": {
                            "ami": "ami-fcfea787",
                            "associate_public_ip_address": "true",
                            "availability_zone": "us-east-1c",
                            "disable_api_termination": "false",
                            "ebs_block_device.#": "0",
                            "ebs_optimized": "false",
                            "ephemeral_block_device.#": "0",
                            "iam_instance_profile": "",
                            "id": "i-0143e40eda70c1ef0",
                            "instance_state": "running",
                            "instance_type": "t2.micro",
                            "ipv6_addresses.#": "0",
                            "key_name": "id_rsa_personal",
                            "monitoring": "false",
                            "network_interface.#": "0",
                            "network_interface_id": "eni-a31b4571",
                            "primary_network_interface_id": "eni-a31b4571",
                            "private_dns": "ip-172-31-17-99.ec2.internal",
                            "private_ip": "172.31.17.99",
                            "public_dns": "ec2-52-201-253-1.compute-1.amazonaws.com",
                            "public_ip": "52.201.253.1",
                            "root_block_device.#": "1",
                            "root_block_device.0.delete_on_termination": "true",
                            "root_block_device.0.iops": "100",
                            "root_block_device.0.volume_size": "8",
                            "root_block_device.0.volume_type": "gp2",
                            "security_groups.#": "1",
                            "security_groups.4207583475": "vault_token_demo",
                            "source_dest_check": "true",
                            "subnet_id": "subnet-9f237bd7",
                            "tags.%": "2",
                            "tags.ConsulRole": "Server",
                            "tags.Name": "consul-2",
                            "tenancy": "default",
                            "volume_tags.%": "0",
                            "vpc_security_group_ids.#": "0"
                        },
                        "meta": {
                            "e2bfb730-ecaa-11e6-8f88-34363bc7c4c0": {
                                "create": 600000000000,
                                "delete": 600000000000,
                                "update": 600000000000
                            },
                            "schema_version": "1"
                        },
                        "tainted": false
                    },
                    "deposed": [],
                    "provider": ""
                }
            },
            "depends_on": []
        },
        {
            "path": [
                "root",
                "network"
            ],
            "outputs": {
                "vault_token_demo": {
                    "sensitive": false,
                    "type": "string",
                    "value": "vault_token_demo"
                }
            },
            "resources": {
                "aws_security_group.vault_token_demo": {
                    "type": "aws_security_group",
                    "depends_on": [],
                    "primary": {
                        "id": "sg-08969a79",
                        "attributes": {
                            "description": "Consul internal traffic + maintenance.",
                            "egress.#": "1",
                            "egress.482069346.cidr_blocks.#": "1",
                            "egress.482069346.cidr_blocks.0": "0.0.0.0/0",
                            "egress.482069346.from_port": "0",
                            "egress.482069346.ipv6_cidr_blocks.#": "0",
                            "egress.482069346.prefix_list_ids.#": "0",
                            "egress.482069346.protocol": "-1",
                            "egress.482069346.security_groups.#": "0",
                            "egress.482069346.self": "false",
                            "egress.482069346.to_port": "0",
                            "id": "sg-08969a79",
                            "ingress.#": "4",
                            "ingress.2214680975.cidr_blocks.#": "1",
                            "ingress.2214680975.cidr_blocks.0": "0.0.0.0/0",
                            "ingress.2214680975.from_port": "80",
                            "ingress.2214680975.ipv6_cidr_blocks.#": "0",
                            "ingress.2214680975.protocol": "tcp",
                            "ingress.2214680975.security_groups.#": "0",
                            "ingress.2214680975.self": "false",
                            "ingress.2214680975.to_port": "80",
                            "ingress.2541437006.cidr_blocks.#": "1",
                            "ingress.2541437006.cidr_blocks.0": "0.0.0.0/0",
                            "ingress.2541437006.from_port": "22",
                            "ingress.2541437006.ipv6_cidr_blocks.#": "0",
                            "ingress.2541437006.protocol": "tcp",
                            "ingress.2541437006.security_groups.#": "0",
                            "ingress.2541437006.self": "false",
                            "ingress.2541437006.to_port": "22",
                            "ingress.3472572478.cidr_blocks.#": "0",
                            "ingress.3472572478.from_port": "0",
                            "ingress.3472572478.ipv6_cidr_blocks.#": "0",
                            "ingress.3472572478.protocol": "udp",
                            "ingress.3472572478.security_groups.#": "0",
                            "ingress.3472572478.self": "true",
                            "ingress.3472572478.to_port": "65535",
                            "ingress.3544538468.cidr_blocks.#": "0",
                            "ingress.3544538468.from_port": "0",
                            "ingress.3544538468.ipv6_cidr_blocks.#": "0",
                            "ingress.3544538468.protocol": "tcp",
                            "ingress.3544538468.security_groups.#": "0",
                            "ingress.3544538468.self": "true",
                            "ingress.3544538468.to_port": "65535",
                            "name": "vault_token_demo",
                            "owner_id": "826361068168",
                            "tags.%": "0",
                            "vpc_id": "vpc-89c9a2f0"
                        },
                        "meta": {},
                        "tainted": false
                    },
                    "deposed": [],
                    "provider": ""
                }
            },
            "depends_on": []
        }
    ]
}
