{
    "version": 3,
    "terraform_version": "0.9.11",
    "serial": 10,
    "lineage": "a4f0e816-5beb-43b7-820e-48a7770b4873",
    "modules": [
        {
            "path": [
                "root"
            ],
            "outputs": {
                "vault_token_demo": {
                    "sensitive": false,
                    "type": "list",
                    "value": [
                        "52.91.39.132",
                        "54.144.90.7",
                        "34.229.73.198"
                    ]
                }
            },
            "resources": {
                "aws_instance.server.0": {
                    "type": "aws_instance",
                    "depends_on": [
                        "module.network"
                    ],
                    "primary": {
                        "id": "i-0c763ad1f5ff16987",
                        "attributes": {
                            "ami": "ami-961943ed",
                            "associate_public_ip_address": "true",
                            "availability_zone": "us-east-1c",
                            "disable_api_termination": "false",
                            "ebs_block_device.#": "0",
                            "ebs_optimized": "false",
                            "ephemeral_block_device.#": "0",
                            "iam_instance_profile": "",
                            "id": "i-0c763ad1f5ff16987",
                            "instance_state": "running",
                            "instance_type": "t2.micro",
                            "ipv6_addresses.#": "0",
                            "key_name": "id_rsa_personal",
                            "monitoring": "false",
                            "network_interface.#": "0",
                            "network_interface_id": "eni-19d9e9cb",
                            "primary_network_interface_id": "eni-19d9e9cb",
                            "private_dns": "ip-172-31-26-91.ec2.internal",
                            "private_ip": "172.31.26.91",
                            "public_dns": "ec2-52-91-39-132.compute-1.amazonaws.com",
                            "public_ip": "52.91.39.132",
                            "root_block_device.#": "1",
                            "root_block_device.0.delete_on_termination": "true",
                            "root_block_device.0.iops": "100",
                            "root_block_device.0.volume_size": "8",
                            "root_block_device.0.volume_type": "gp2",
                            "security_groups.#": "1",
                            "security_groups.4207583475": "vault_token_demo",
                            "source_dest_check": "true",
                            "subnet_id": "subnet-9f237bd7",
                            "tags.%": "2",
                            "tags.ConsulRole": "Server",
                            "tags.Name": "app_servers-0",
                            "tenancy": "default",
                            "volume_tags.%": "0",
                            "vpc_security_group_ids.#": "0"
                        },
                        "meta": {
                            "e2bfb730-ecaa-11e6-8f88-34363bc7c4c0": {
                                "create": 600000000000,
                                "delete": 600000000000,
                                "update": 600000000000
                            },
                            "schema_version": "1"
                        },
                        "tainted": false
                    },
                    "deposed": [],
                    "provider": ""
                },
                "aws_instance.server.1": {
                    "type": "aws_instance",
                    "depends_on": [
                        "aws_instance.server.0",
                        "module.network"
                    ],
                    "primary": {
                        "id": "i-0d2a98e44c9a64094",
                        "attributes": {
                            "ami": "ami-961943ed",
                            "associate_public_ip_address": "true",
                            "availability_zone": "us-east-1c",
                            "disable_api_termination": "false",
                            "ebs_block_device.#": "0",
                            "ebs_optimized": "false",
                            "ephemeral_block_device.#": "0",
                            "iam_instance_profile": "",
                            "id": "i-0d2a98e44c9a64094",
                            "instance_state": "running",
                            "instance_type": "t2.micro",
                            "ipv6_addresses.#": "0",
                            "key_name": "id_rsa_personal",
                            "monitoring": "false",
                            "network_interface.#": "0",
                            "network_interface_id": "eni-2fdaeafd",
                            "primary_network_interface_id": "eni-2fdaeafd",
                            "private_dns": "ip-172-31-21-173.ec2.internal",
                            "private_ip": "172.31.21.173",
                            "public_dns": "ec2-54-144-90-7.compute-1.amazonaws.com",
                            "public_ip": "54.144.90.7",
                            "root_block_device.#": "1",
                            "root_block_device.0.delete_on_termination": "true",
                            "root_block_device.0.iops": "100",
                            "root_block_device.0.volume_size": "8",
                            "root_block_device.0.volume_type": "gp2",
                            "security_groups.#": "1",
                            "security_groups.4207583475": "vault_token_demo",
                            "source_dest_check": "true",
                            "subnet_id": "subnet-9f237bd7",
                            "tags.%": "2",
                            "tags.ConsulRole": "Server",
                            "tags.Name": "app_servers-1",
                            "tenancy": "default",
                            "volume_tags.%": "0",
                            "vpc_security_group_ids.#": "0"
                        },
                        "meta": {
                            "e2bfb730-ecaa-11e6-8f88-34363bc7c4c0": {
                                "create": 600000000000,
                                "delete": 600000000000,
                                "update": 600000000000
                            },
                            "schema_version": "1"
                        },
                        "tainted": false
                    },
                    "deposed": [],
                    "provider": ""
                },
                "aws_instance.server.2": {
                    "type": "aws_instance",
                    "depends_on": [
                        "aws_instance.server.0",
                        "module.network"
                    ],
                    "primary": {
                        "id": "i-0e9404a862ffbce41",
                        "attributes": {
                            "ami": "ami-961943ed",
                            "associate_public_ip_address": "true",
                            "availability_zone": "us-east-1c",
                            "disable_api_termination": "false",
                            "ebs_block_device.#": "0",
                            "ebs_optimized": "false",
                            "ephemeral_block_device.#": "0",
                            "iam_instance_profile": "",
                            "id": "i-0e9404a862ffbce41",
                            "instance_state": "running",
                            "instance_type": "t2.micro",
                            "ipv6_addresses.#": "0",
                            "key_name": "id_rsa_personal",
                            "monitoring": "false",
                            "network_interface.#": "0",
                            "network_interface_id": "eni-a6d7e774",
                            "primary_network_interface_id": "eni-a6d7e774",
                            "private_dns": "ip-172-31-30-185.ec2.internal",
                            "private_ip": "172.31.30.185",
                            "public_dns": "ec2-34-229-73-198.compute-1.amazonaws.com",
                            "public_ip": "34.229.73.198",
                            "root_block_device.#": "1",
                            "root_block_device.0.delete_on_termination": "true",
                            "root_block_device.0.iops": "100",
                            "root_block_device.0.volume_size": "8",
                            "root_block_device.0.volume_type": "gp2",
                            "security_groups.#": "1",
                            "security_groups.4207583475": "vault_token_demo",
                            "source_dest_check": "true",
                            "subnet_id": "subnet-9f237bd7",
                            "tags.%": "2",
                            "tags.ConsulRole": "Server",
                            "tags.Name": "app_servers-2",
                            "tenancy": "default",
                            "volume_tags.%": "0",
                            "vpc_security_group_ids.#": "0"
                        },
                        "meta": {
                            "e2bfb730-ecaa-11e6-8f88-34363bc7c4c0": {
                                "create": 600000000000,
                                "delete": 600000000000,
                                "update": 600000000000
                            },
                            "schema_version": "1"
                        },
                        "tainted": false
                    },
                    "deposed": [],
                    "provider": ""
                },
                "null_resource.configure-vault": {
                    "type": "null_resource",
                    "depends_on": [
                        "aws_instance.server",
                        "aws_instance.server.*"
                    ],
                    "primary": {
                        "id": "4724532160072029923",
                        "attributes": {
                            "id": "4724532160072029923"
                        },
                        "meta": {},
                        "tainted": false
                    },
                    "deposed": [],
                    "provider": ""
                },
                "null_resource.unseal-all.0": {
                    "type": "null_resource",
                    "depends_on": [
                        "aws_instance.server.*",
                        "null_resource.configure-vault"
                    ],
                    "primary": {
                        "id": "5744234314990878378",
                        "attributes": {
                            "id": "5744234314990878378"
                        },
                        "meta": {},
                        "tainted": false
                    },
                    "deposed": [],
                    "provider": ""
                },
                "null_resource.unseal-all.1": {
                    "type": "null_resource",
                    "depends_on": [
                        "aws_instance.server.*",
                        "null_resource.configure-vault"
                    ],
                    "primary": {
                        "id": "3004855162123660279",
                        "attributes": {
                            "id": "3004855162123660279"
                        },
                        "meta": {},
                        "tainted": false
                    },
                    "deposed": [],
                    "provider": ""
                },
                "null_resource.unseal-all.2": {
                    "type": "null_resource",
                    "depends_on": [
                        "aws_instance.server.*",
                        "null_resource.configure-vault"
                    ],
                    "primary": {
                        "id": "3686277440467980286",
                        "attributes": {
                            "id": "3686277440467980286"
                        },
                        "meta": {},
                        "tainted": false
                    },
                    "deposed": [],
                    "provider": ""
                }
            },
            "depends_on": []
        },
        {
            "path": [
                "root",
                "network"
            ],
            "outputs": {
                "vault_token_demo": {
                    "sensitive": false,
                    "type": "string",
                    "value": "vault_token_demo"
                }
            },
            "resources": {
                "aws_security_group.vault_token_demo": {
                    "type": "aws_security_group",
                    "depends_on": [],
                    "primary": {
                        "id": "sg-2d9a8e5c",
                        "attributes": {
                            "description": "Consul internal traffic + maintenance.",
                            "egress.#": "1",
                            "egress.482069346.cidr_blocks.#": "1",
                            "egress.482069346.cidr_blocks.0": "0.0.0.0/0",
                            "egress.482069346.from_port": "0",
                            "egress.482069346.ipv6_cidr_blocks.#": "0",
                            "egress.482069346.prefix_list_ids.#": "0",
                            "egress.482069346.protocol": "-1",
                            "egress.482069346.security_groups.#": "0",
                            "egress.482069346.self": "false",
                            "egress.482069346.to_port": "0",
                            "id": "sg-2d9a8e5c",
                            "ingress.#": "4",
                            "ingress.2214680975.cidr_blocks.#": "1",
                            "ingress.2214680975.cidr_blocks.0": "0.0.0.0/0",
                            "ingress.2214680975.from_port": "80",
                            "ingress.2214680975.ipv6_cidr_blocks.#": "0",
                            "ingress.2214680975.protocol": "tcp",
                            "ingress.2214680975.security_groups.#": "0",
                            "ingress.2214680975.self": "false",
                            "ingress.2214680975.to_port": "80",
                            "ingress.2541437006.cidr_blocks.#": "1",
                            "ingress.2541437006.cidr_blocks.0": "0.0.0.0/0",
                            "ingress.2541437006.from_port": "22",
                            "ingress.2541437006.ipv6_cidr_blocks.#": "0",
                            "ingress.2541437006.protocol": "tcp",
                            "ingress.2541437006.security_groups.#": "0",
                            "ingress.2541437006.self": "false",
                            "ingress.2541437006.to_port": "22",
                            "ingress.3472572478.cidr_blocks.#": "0",
                            "ingress.3472572478.from_port": "0",
                            "ingress.3472572478.ipv6_cidr_blocks.#": "0",
                            "ingress.3472572478.protocol": "udp",
                            "ingress.3472572478.security_groups.#": "0",
                            "ingress.3472572478.self": "true",
                            "ingress.3472572478.to_port": "65535",
                            "ingress.3544538468.cidr_blocks.#": "0",
                            "ingress.3544538468.from_port": "0",
                            "ingress.3544538468.ipv6_cidr_blocks.#": "0",
                            "ingress.3544538468.protocol": "tcp",
                            "ingress.3544538468.security_groups.#": "0",
                            "ingress.3544538468.self": "true",
                            "ingress.3544538468.to_port": "65535",
                            "name": "vault_token_demo",
                            "owner_id": "826361068168",
                            "tags.%": "0",
                            "vpc_id": "vpc-89c9a2f0"
                        },
                        "meta": {},
                        "tainted": false
                    },
                    "deposed": [],
                    "provider": ""
                }
            },
            "depends_on": []
        }
    ]
}
